
Microsoft Visual Studio Solution File, Format Version 12.00
# Visual Studio Version 16
VisualStudioVersion = 16.0.29519.181
MinimumVisualStudioVersion = 10.0.40219.1
Project("{FAE04EC0-301F-11D3-BF4B-00C04F79EFBC}") = "UI", "UI\UI.csproj", "{CC14FBF9-A5C2-4F9A-BE06-C3BBB3BC223E}"
EndProject
Project("{FAE04EC0-301F-11D3-BF4B-00C04F79EFBC}") = "VKGroupHelperSDK", "VKGroupHelperSDK\VKGroupHelperSDK.csproj", "{DE795D9D-4D2A-440C-9616-FC20AF71FB59}"
EndProject
Global
	GlobalSection(SolutionConfigurationPlatforms) = preSolution
		Debug|Any CPU = Debug|Any CPU
		Release|Any CPU = Release|Any CPU
	EndGlobalSection
	GlobalSection(ProjectConfigurationPlatforms) = postSolution
		{CC14FBF9-A5C2-4F9A-BE06-C3BBB3BC223E}.Debug|Any CPU.ActiveCfg = Debug|Any CPU
		{CC14FBF9-A5C2-4F9A-BE06-C3BBB3BC223E}.Debug|Any CPU.Build.0 = Debug|Any CPU
		{CC14FBF9-A5C2-4F9A-BE06-C3BBB3BC223E}.Release|Any CPU.ActiveCfg = Release|Any CPU
		{CC14FBF9-A5C2-4F9A-BE06-C3BBB3BC223E}.Release|Any CPU.Build.0 = Release|Any CPU
		{DE795D9D-4D2A-440C-9616-FC20AF71FB59}.Debug|Any CPU.ActiveCfg = Debug|Any CPU
		{DE795D9D-4D2A-440C-9616-FC20AF71FB59}.Debug|Any CPU.Build.0 = Debug|Any CPU
		{DE795D9D-4D2A-440C-9616-FC20AF71FB59}.Release|Any CPU.ActiveCfg = Release|Any CPU
		{DE795D9D-4D2A-440C-9616-FC20AF71FB59}.Release|Any CPU.Build.0 = Release|Any CPU
	EndGlobalSection
	GlobalSection(SolutionProperties) = preSolution
		HideSolutionNode = FALSE
	EndGlobalSection
	GlobalSection(ExtensibilityGlobals) = postSolution
		SolutionGuid = {4DACDD4A-5CB3-4A85-89BD-0F4E446875AB}
	EndGlobalSection
EndGlobal
